{
  "name": "util",
  "version": "1.0.0",
  "lockfileVersion": 1,
  "dependencies": {
    "folktale": {
      "version": "2.0.0-rc1",
      "resolved": "https://registry.npmjs.org/folktale/-/folktale-2.0.0-rc1.tgz",
      "integrity": "sha512-RT1/AIsHIhpZPLMXakQB6zZIyQAoMNoj01tJt+1cpesjJ34wLuJgXuiuLHDD8X7Uj3gFmKS8H3dLg4u+mwV7EA=="
    }
  }
}
